
Microsoft Visual Studio Solution File, Format Version 12.00
# Visual Studio 15
VisualStudioVersion = 15.0.28307.572
MinimumVisualStudioVersion = 10.0.40219.1
Project("{FAE04EC0-301F-11D3-BF4B-00C04F79EFBC}") = "AndroidAppVeyor", "AndroidAppVeyor\AndroidAppVeyor.csproj", "{3BC0AC7E-3B3B-4D3F-9CC0-B2BDECC460A6}"
EndProject
Project("{2150E333-8FDC-42A3-9474-1A3956D46DE8}") = "Build", "Build", "{6917437A-CADA-470F-B21D-562E4D6CCB8F}"
	ProjectSection(SolutionItems) = preProject
		appveyor.yml = appveyor.yml
	EndProjectSection
EndProject
Project("{FAE04EC0-301F-11D3-BF4B-00C04F79EFBC}") = "AndroidForms.Android", "AndroidForms\AndroidForms.Android\AndroidForms.Android.csproj", "{56F23D0A-6415-4B92-B76F-36DFA715B050}"
EndProject
Project("{FAE04EC0-301F-11D3-BF4B-00C04F79EFBC}") = "AndroidForms", "AndroidForms\AndroidForms\AndroidForms.csproj", "{413A4F52-F296-409C-A2B8-E2A7DD417C96}"
EndProject
Project("{8BC9CEB8-8B4A-11D0-8D11-00A0C91BC942}") = "DynamicLib", "DynamicLib\DynamicLib.vcxproj", "{5EC69081-55FA-4E80-A7CD-6860CF9F8341}"
EndProject
Global
	GlobalSection(SolutionConfigurationPlatforms) = preSolution
		Debug|ARM = Debug|ARM
		Release|ARM = Release|ARM
	EndGlobalSection
	GlobalSection(ProjectConfigurationPlatforms) = postSolution
		{3BC0AC7E-3B3B-4D3F-9CC0-B2BDECC460A6}.Debug|ARM.ActiveCfg = Debug|Any CPU
		{3BC0AC7E-3B3B-4D3F-9CC0-B2BDECC460A6}.Debug|ARM.Build.0 = Debug|Any CPU
		{3BC0AC7E-3B3B-4D3F-9CC0-B2BDECC460A6}.Debug|ARM.Deploy.0 = Debug|Any CPU
		{3BC0AC7E-3B3B-4D3F-9CC0-B2BDECC460A6}.Release|ARM.ActiveCfg = Release|Any CPU
		{3BC0AC7E-3B3B-4D3F-9CC0-B2BDECC460A6}.Release|ARM.Build.0 = Release|Any CPU
		{3BC0AC7E-3B3B-4D3F-9CC0-B2BDECC460A6}.Release|ARM.Deploy.0 = Release|Any CPU
		{56F23D0A-6415-4B92-B76F-36DFA715B050}.Debug|ARM.ActiveCfg = Debug|Any CPU
		{56F23D0A-6415-4B92-B76F-36DFA715B050}.Debug|ARM.Build.0 = Debug|Any CPU
		{56F23D0A-6415-4B92-B76F-36DFA715B050}.Debug|ARM.Deploy.0 = Debug|Any CPU
		{56F23D0A-6415-4B92-B76F-36DFA715B050}.Release|ARM.ActiveCfg = Release|Any CPU
		{56F23D0A-6415-4B92-B76F-36DFA715B050}.Release|ARM.Build.0 = Release|Any CPU
		{56F23D0A-6415-4B92-B76F-36DFA715B050}.Release|ARM.Deploy.0 = Release|Any CPU
		{413A4F52-F296-409C-A2B8-E2A7DD417C96}.Debug|ARM.ActiveCfg = Debug|Any CPU
		{413A4F52-F296-409C-A2B8-E2A7DD417C96}.Debug|ARM.Build.0 = Debug|Any CPU
		{413A4F52-F296-409C-A2B8-E2A7DD417C96}.Release|ARM.ActiveCfg = Release|Any CPU
		{413A4F52-F296-409C-A2B8-E2A7DD417C96}.Release|ARM.Build.0 = Release|Any CPU
		{5EC69081-55FA-4E80-A7CD-6860CF9F8341}.Debug|ARM.ActiveCfg = Debug|ARM
		{5EC69081-55FA-4E80-A7CD-6860CF9F8341}.Debug|ARM.Build.0 = Debug|ARM
		{5EC69081-55FA-4E80-A7CD-6860CF9F8341}.Release|ARM.ActiveCfg = Release|ARM
		{5EC69081-55FA-4E80-A7CD-6860CF9F8341}.Release|ARM.Build.0 = Release|ARM
	EndGlobalSection
	GlobalSection(SolutionProperties) = preSolution
		HideSolutionNode = FALSE
	EndGlobalSection
	GlobalSection(ExtensibilityGlobals) = postSolution
		SolutionGuid = {AF378B22-E794-4022-A088-45C44C75B1C6}
	EndGlobalSection
EndGlobal
